// !$*UTF8*$!
{
	archiveVersion = 1;
	classes = {
	};
	objectVersion = 56;
	objects = {

/* Begin PBXBuildFile section */
		96204F852B88BB150092AB04 /* DIContainer.swift in Sources */ = {isa = PBXBuildFile; fileRef = 96204F842B88BB150092AB04 /* DIContainer.swift */; };
		965349742B7E29AE000611FB /* AppDelegate.swift in Sources */ = {isa = PBXBuildFile; fileRef = 965349732B7E29AE000611FB /* AppDelegate.swift */; };
		965349762B7E29AE000611FB /* SceneDelegate.swift in Sources */ = {isa = PBXBuildFile; fileRef = 965349752B7E29AE000611FB /* SceneDelegate.swift */; };
		9653497D2B7E29B0000611FB /* Assets.xcassets in Resources */ = {isa = PBXBuildFile; fileRef = 9653497C2B7E29B0000611FB /* Assets.xcassets */; };
		965349802B7E29B0000611FB /* LaunchScreen.storyboard in Resources */ = {isa = PBXBuildFile; fileRef = 9653497E2B7E29B0000611FB /* LaunchScreen.storyboard */; };
		9653499C2B7E2FD5000611FB /* SearchCoordinator.swift in Sources */ = {isa = PBXBuildFile; fileRef = 9653499B2B7E2FD5000611FB /* SearchCoordinator.swift */; };
		9653499E2B7E2FFB000611FB /* PicturesCoordinator.swift in Sources */ = {isa = PBXBuildFile; fileRef = 9653499D2B7E2FFB000611FB /* PicturesCoordinator.swift */; };
		965349A62B7E352C000611FB /* SnapKit in Frameworks */ = {isa = PBXBuildFile; productRef = 965349A52B7E352C000611FB /* SnapKit */; };
		965349A92B7E353F000611FB /* Kingfisher in Frameworks */ = {isa = PBXBuildFile; productRef = 965349A82B7E353F000611FB /* Kingfisher */; };
		965349AC2B7E38E5000611FB /* GenericViewController.swift in Sources */ = {isa = PBXBuildFile; fileRef = 965349AB2B7E38E5000611FB /* GenericViewController.swift */; };
		965349B32B7E42F1000611FB /* CustomView.swift in Sources */ = {isa = PBXBuildFile; fileRef = 965349B22B7E42F1000611FB /* CustomView.swift */; };
		965349B52B7E4310000611FB /* LoadingView.swift in Sources */ = {isa = PBXBuildFile; fileRef = 965349B42B7E4310000611FB /* LoadingView.swift */; };
		965349B82B7E454F000611FB /* Loadable.swift in Sources */ = {isa = PBXBuildFile; fileRef = 965349B72B7E454F000611FB /* Loadable.swift */; };
		965349BA2B7E4661000611FB /* ErrorPresentable.swift in Sources */ = {isa = PBXBuildFile; fileRef = 965349B92B7E4661000611FB /* ErrorPresentable.swift */; };
		965349BC2B7E4696000611FB /* ErrorView.swift in Sources */ = {isa = PBXBuildFile; fileRef = 965349BB2B7E4696000611FB /* ErrorView.swift */; };
		965349BE2B7E4882000611FB /* Configurable.swift in Sources */ = {isa = PBXBuildFile; fileRef = 965349BD2B7E4882000611FB /* Configurable.swift */; };
		965349C12B7E48C4000611FB /* UILabel+Extension.swift in Sources */ = {isa = PBXBuildFile; fileRef = 965349C02B7E48C4000611FB /* UILabel+Extension.swift */; };
		965349C32B7E4C23000611FB /* NavigationController.swift in Sources */ = {isa = PBXBuildFile; fileRef = 965349C22B7E4C23000611FB /* NavigationController.swift */; };
		965349C52B7E51F3000611FB /* PicturesView.swift in Sources */ = {isa = PBXBuildFile; fileRef = 965349C42B7E51F3000611FB /* PicturesView.swift */; };
		965349C72B7E529C000611FB /* SectionFooterCollectionReusableView.swift in Sources */ = {isa = PBXBuildFile; fileRef = 965349C62B7E529C000611FB /* SectionFooterCollectionReusableView.swift */; };
		965349CA2B7E54C6000611FB /* PictureCollectionViewCell.swift in Sources */ = {isa = PBXBuildFile; fileRef = 965349C92B7E54C6000611FB /* PictureCollectionViewCell.swift */; };
		965349CC2B7E5E16000611FB /* PictureCollectionViewCellViewModel.swift in Sources */ = {isa = PBXBuildFile; fileRef = 965349CB2B7E5E16000611FB /* PictureCollectionViewCellViewModel.swift */; };
		965349CE2B7E643F000611FB /* PicturesViewController.swift in Sources */ = {isa = PBXBuildFile; fileRef = 965349CD2B7E643F000611FB /* PicturesViewController.swift */; };
		965349D02B7E6B87000611FB /* PicturesViewModel.swift in Sources */ = {isa = PBXBuildFile; fileRef = 965349CF2B7E6B87000611FB /* PicturesViewModel.swift */; };
		965349D22B7E6C2D000611FB /* ViewModelType.swift in Sources */ = {isa = PBXBuildFile; fileRef = 965349D12B7E6C2D000611FB /* ViewModelType.swift */; };
		965349D92B7E778C000611FB /* Coordinator.swift in Sources */ = {isa = PBXBuildFile; fileRef = 965349D82B7E778C000611FB /* Coordinator.swift */; };
		965349DB2B7E77AF000611FB /* Router.swift in Sources */ = {isa = PBXBuildFile; fileRef = 965349DA2B7E77AF000611FB /* Router.swift */; };
		965349DF2B7E9EF5000611FB /* UDService.swift in Sources */ = {isa = PBXBuildFile; fileRef = 965349DE2B7E9EF5000611FB /* UDService.swift */; };
		965349E32B7EB133000611FB /* AppFlow.swift in Sources */ = {isa = PBXBuildFile; fileRef = 965349E22B7EB133000611FB /* AppFlow.swift */; };
		965349E92B7FAB93000611FB /* AppTransition.swift in Sources */ = {isa = PBXBuildFile; fileRef = 965349E82B7FAB93000611FB /* AppTransition.swift */; };
		965349EB2B7FAC96000611FB /* PicturesTransition.swift in Sources */ = {isa = PBXBuildFile; fileRef = 965349EA2B7FAC96000611FB /* PicturesTransition.swift */; };
		965349EE2B7FAF05000611FB /* TabBarCoordinator.swift in Sources */ = {isa = PBXBuildFile; fileRef = 965349ED2B7FAF05000611FB /* TabBarCoordinator.swift */; };
		965349F12B7FB098000611FB /* TabBarItem.swift in Sources */ = {isa = PBXBuildFile; fileRef = 965349F02B7FB098000611FB /* TabBarItem.swift */; };
		965349F32B7FB1E2000611FB /* NavigationFlow.swift in Sources */ = {isa = PBXBuildFile; fileRef = 965349F22B7FB1E2000611FB /* NavigationFlow.swift */; };
		965349F62B7FB5AD000611FB /* PicturesFlow.swift in Sources */ = {isa = PBXBuildFile; fileRef = 965349F52B7FB5AD000611FB /* PicturesFlow.swift */; };
		965349FB2B7FEA7E000611FB /* UIImageView+Extension.swift in Sources */ = {isa = PBXBuildFile; fileRef = 965349FA2B7FEA7E000611FB /* UIImageView+Extension.swift */; };
		96534A042B82A64C000611FB /* UICollectionView+Extension.swift in Sources */ = {isa = PBXBuildFile; fileRef = 96534A032B82A64C000611FB /* UICollectionView+Extension.swift */; };
		96534A062B82AB04000611FB /* Localizable.xcstrings in Resources */ = {isa = PBXBuildFile; fileRef = 96534A052B82AB04000611FB /* Localizable.xcstrings */; };
		96534A092B8340E3000611FB /* PictureDetailCoordinator.swift in Sources */ = {isa = PBXBuildFile; fileRef = 96534A082B8340E3000611FB /* PictureDetailCoordinator.swift */; };
		96534A0B2B834136000611FB /* PictureDetailViewController.swift in Sources */ = {isa = PBXBuildFile; fileRef = 96534A0A2B834136000611FB /* PictureDetailViewController.swift */; };
		96534A0D2B834141000611FB /* PictureDetailViewModel.swift in Sources */ = {isa = PBXBuildFile; fileRef = 96534A0C2B834141000611FB /* PictureDetailViewModel.swift */; };
		96534A0F2B83414C000611FB /* PictureDetailView.swift in Sources */ = {isa = PBXBuildFile; fileRef = 96534A0E2B83414B000611FB /* PictureDetailView.swift */; };
		96534A142B834875000611FB /* UIView+Extension.swift in Sources */ = {isa = PBXBuildFile; fileRef = 96534A132B834875000611FB /* UIView+Extension.swift */; };
		9679FF8A2B8A671F0065075F /* UITextField+Extension.swift in Sources */ = {isa = PBXBuildFile; fileRef = 9679FF892B8A671F0065075F /* UITextField+Extension.swift */; };
		96873EB62B854B8B00EA911F /* SearchView.swift in Sources */ = {isa = PBXBuildFile; fileRef = 96873EB52B854B8B00EA911F /* SearchView.swift */; };
		96873EBB2B854C8800EA911F /* SearchViewController.swift in Sources */ = {isa = PBXBuildFile; fileRef = 96873EBA2B854C8800EA911F /* SearchViewController.swift */; };
		96873EBD2B854CB900EA911F /* SearchViewModel.swift in Sources */ = {isa = PBXBuildFile; fileRef = 96873EBC2B854CB900EA911F /* SearchViewModel.swift */; };
		96873EBF2B854E1800EA911F /* SearchTransition.swift in Sources */ = {isa = PBXBuildFile; fileRef = 96873EBE2B854E1800EA911F /* SearchTransition.swift */; };
		96873EC12B854F3200EA911F /* SearchFlow.swift in Sources */ = {isa = PBXBuildFile; fileRef = 96873EC02B854F3200EA911F /* SearchFlow.swift */; };
		968D982A2B878B3700A36964 /* NasaNetwork.framework in Frameworks */ = {isa = PBXBuildFile; fileRef = 968D98262B878B1F00A36964 /* NasaNetwork.framework */; };
		968D982B2B878B3700A36964 /* NasaNetwork.framework in Embed Frameworks */ = {isa = PBXBuildFile; fileRef = 968D98262B878B1F00A36964 /* NasaNetwork.framework */; settings = {ATTRIBUTES = (CodeSignOnCopy, RemoveHeadersOnCopy, ); }; };
/* End PBXBuildFile section */

/* Begin PBXContainerItemProxy section */
		968D98252B878B1F00A36964 /* PBXContainerItemProxy */ = {
			isa = PBXContainerItemProxy;
			containerPortal = 968D98202B878B1F00A36964 /* NasaNetwork.xcodeproj */;
			proxyType = 2;
			remoteGlobalIDString = 968D98082B878B1F00A36964;
			remoteInfo = NasaNetwork;
		};
		968D98272B878B1F00A36964 /* PBXContainerItemProxy */ = {
			isa = PBXContainerItemProxy;
			containerPortal = 968D98202B878B1F00A36964 /* NasaNetwork.xcodeproj */;
			proxyType = 2;
			remoteGlobalIDString = 968D98102B878B1F00A36964;
			remoteInfo = NasaNetworkTests;
		};
/* End PBXContainerItemProxy section */

/* Begin PBXCopyFilesBuildPhase section */
		968D982C2B878B3700A36964 /* Embed Frameworks */ = {
			isa = PBXCopyFilesBuildPhase;
			buildActionMask = 2147483647;
			dstPath = "";
			dstSubfolderSpec = 10;
			files = (
				968D982B2B878B3700A36964 /* NasaNetwork.framework in Embed Frameworks */,
			);
			name = "Embed Frameworks";
			runOnlyForDeploymentPostprocessing = 0;
		};
/* End PBXCopyFilesBuildPhase section */

/* Begin PBXFileReference section */
		96204F842B88BB150092AB04 /* DIContainer.swift */ = {isa = PBXFileReference; lastKnownFileType = sourcecode.swift; path = DIContainer.swift; sourceTree = "<group>"; };
		965349702B7E29AE000611FB /* DayPic.app */ = {isa = PBXFileReference; explicitFileType = wrapper.application; includeInIndex = 0; path = DayPic.app; sourceTree = BUILT_PRODUCTS_DIR; };
		965349732B7E29AE000611FB /* AppDelegate.swift */ = {isa = PBXFileReference; lastKnownFileType = sourcecode.swift; path = AppDelegate.swift; sourceTree = "<group>"; };
		965349752B7E29AE000611FB /* SceneDelegate.swift */ = {isa = PBXFileReference; lastKnownFileType = sourcecode.swift; path = SceneDelegate.swift; sourceTree = "<group>"; };
		9653497C2B7E29B0000611FB /* Assets.xcassets */ = {isa = PBXFileReference; lastKnownFileType = folder.assetcatalog; path = Assets.xcassets; sourceTree = "<group>"; };
		9653497F2B7E29B0000611FB /* Base */ = {isa = PBXFileReference; lastKnownFileType = file.storyboard; name = Base; path = Base.lproj/LaunchScreen.storyboard; sourceTree = "<group>"; };
		965349812B7E29B0000611FB /* Info.plist */ = {isa = PBXFileReference; lastKnownFileType = text.plist.xml; path = Info.plist; sourceTree = "<group>"; };
		9653499B2B7E2FD5000611FB /* SearchCoordinator.swift */ = {isa = PBXFileReference; lastKnownFileType = sourcecode.swift; path = SearchCoordinator.swift; sourceTree = "<group>"; };
		9653499D2B7E2FFB000611FB /* PicturesCoordinator.swift */ = {isa = PBXFileReference; lastKnownFileType = sourcecode.swift; path = PicturesCoordinator.swift; sourceTree = "<group>"; };
		965349AB2B7E38E5000611FB /* GenericViewController.swift */ = {isa = PBXFileReference; lastKnownFileType = sourcecode.swift; path = GenericViewController.swift; sourceTree = "<group>"; };
		965349B22B7E42F1000611FB /* CustomView.swift */ = {isa = PBXFileReference; lastKnownFileType = sourcecode.swift; path = CustomView.swift; sourceTree = "<group>"; };
		965349B42B7E4310000611FB /* LoadingView.swift */ = {isa = PBXFileReference; lastKnownFileType = sourcecode.swift; path = LoadingView.swift; sourceTree = "<group>"; };
		965349B72B7E454F000611FB /* Loadable.swift */ = {isa = PBXFileReference; lastKnownFileType = sourcecode.swift; path = Loadable.swift; sourceTree = "<group>"; };
		965349B92B7E4661000611FB /* ErrorPresentable.swift */ = {isa = PBXFileReference; lastKnownFileType = sourcecode.swift; path = ErrorPresentable.swift; sourceTree = "<group>"; };
		965349BB2B7E4696000611FB /* ErrorView.swift */ = {isa = PBXFileReference; lastKnownFileType = sourcecode.swift; path = ErrorView.swift; sourceTree = "<group>"; };
		965349BD2B7E4882000611FB /* Configurable.swift */ = {isa = PBXFileReference; lastKnownFileType = sourcecode.swift; path = Configurable.swift; sourceTree = "<group>"; };
		965349C02B7E48C4000611FB /* UILabel+Extension.swift */ = {isa = PBXFileReference; lastKnownFileType = sourcecode.swift; path = "UILabel+Extension.swift"; sourceTree = "<group>"; };
		965349C22B7E4C23000611FB /* NavigationController.swift */ = {isa = PBXFileReference; lastKnownFileType = sourcecode.swift; path = NavigationController.swift; sourceTree = "<group>"; };
		965349C42B7E51F3000611FB /* PicturesView.swift */ = {isa = PBXFileReference; lastKnownFileType = sourcecode.swift; path = PicturesView.swift; sourceTree = "<group>"; };
		965349C62B7E529C000611FB /* SectionFooterCollectionReusableView.swift */ = {isa = PBXFileReference; lastKnownFileType = sourcecode.swift; path = SectionFooterCollectionReusableView.swift; sourceTree = "<group>"; };
		965349C92B7E54C6000611FB /* PictureCollectionViewCell.swift */ = {isa = PBXFileReference; lastKnownFileType = sourcecode.swift; path = PictureCollectionViewCell.swift; sourceTree = "<group>"; };
		965349CB2B7E5E16000611FB /* PictureCollectionViewCellViewModel.swift */ = {isa = PBXFileReference; lastKnownFileType = sourcecode.swift; path = PictureCollectionViewCellViewModel.swift; sourceTree = "<group>"; };
		965349CD2B7E643F000611FB /* PicturesViewController.swift */ = {isa = PBXFileReference; lastKnownFileType = sourcecode.swift; path = PicturesViewController.swift; sourceTree = "<group>"; };
		965349CF2B7E6B87000611FB /* PicturesViewModel.swift */ = {isa = PBXFileReference; lastKnownFileType = sourcecode.swift; path = PicturesViewModel.swift; sourceTree = "<group>"; };
		965349D12B7E6C2D000611FB /* ViewModelType.swift */ = {isa = PBXFileReference; lastKnownFileType = sourcecode.swift; path = ViewModelType.swift; sourceTree = "<group>"; };
		965349D82B7E778C000611FB /* Coordinator.swift */ = {isa = PBXFileReference; lastKnownFileType = sourcecode.swift; path = Coordinator.swift; sourceTree = "<group>"; };
		965349DA2B7E77AF000611FB /* Router.swift */ = {isa = PBXFileReference; lastKnownFileType = sourcecode.swift; path = Router.swift; sourceTree = "<group>"; };
		965349DE2B7E9EF5000611FB /* UDService.swift */ = {isa = PBXFileReference; lastKnownFileType = sourcecode.swift; path = UDService.swift; sourceTree = "<group>"; };
		965349E22B7EB133000611FB /* AppFlow.swift */ = {isa = PBXFileReference; lastKnownFileType = sourcecode.swift; path = AppFlow.swift; sourceTree = "<group>"; };
		965349E82B7FAB93000611FB /* AppTransition.swift */ = {isa = PBXFileReference; lastKnownFileType = sourcecode.swift; path = AppTransition.swift; sourceTree = "<group>"; };
		965349EA2B7FAC96000611FB /* PicturesTransition.swift */ = {isa = PBXFileReference; lastKnownFileType = sourcecode.swift; path = PicturesTransition.swift; sourceTree = "<group>"; };
		965349ED2B7FAF05000611FB /* TabBarCoordinator.swift */ = {isa = PBXFileReference; lastKnownFileType = sourcecode.swift; path = TabBarCoordinator.swift; sourceTree = "<group>"; };
		965349F02B7FB098000611FB /* TabBarItem.swift */ = {isa = PBXFileReference; lastKnownFileType = sourcecode.swift; path = TabBarItem.swift; sourceTree = "<group>"; };
		965349F22B7FB1E2000611FB /* NavigationFlow.swift */ = {isa = PBXFileReference; lastKnownFileType = sourcecode.swift; path = NavigationFlow.swift; sourceTree = "<group>"; };
		965349F52B7FB5AD000611FB /* PicturesFlow.swift */ = {isa = PBXFileReference; lastKnownFileType = sourcecode.swift; path = PicturesFlow.swift; sourceTree = "<group>"; };
		965349FA2B7FEA7E000611FB /* UIImageView+Extension.swift */ = {isa = PBXFileReference; lastKnownFileType = sourcecode.swift; path = "UIImageView+Extension.swift"; sourceTree = "<group>"; };
		96534A032B82A64C000611FB /* UICollectionView+Extension.swift */ = {isa = PBXFileReference; lastKnownFileType = sourcecode.swift; path = "UICollectionView+Extension.swift"; sourceTree = "<group>"; };
		96534A052B82AB04000611FB /* Localizable.xcstrings */ = {isa = PBXFileReference; lastKnownFileType = text.json.xcstrings; path = Localizable.xcstrings; sourceTree = "<group>"; };
		96534A082B8340E3000611FB /* PictureDetailCoordinator.swift */ = {isa = PBXFileReference; lastKnownFileType = sourcecode.swift; path = PictureDetailCoordinator.swift; sourceTree = "<group>"; };
		96534A0A2B834136000611FB /* PictureDetailViewController.swift */ = {isa = PBXFileReference; lastKnownFileType = sourcecode.swift; path = PictureDetailViewController.swift; sourceTree = "<group>"; };
		96534A0C2B834141000611FB /* PictureDetailViewModel.swift */ = {isa = PBXFileReference; lastKnownFileType = sourcecode.swift; path = PictureDetailViewModel.swift; sourceTree = "<group>"; };
		96534A0E2B83414B000611FB /* PictureDetailView.swift */ = {isa = PBXFileReference; lastKnownFileType = sourcecode.swift; path = PictureDetailView.swift; sourceTree = "<group>"; };
		96534A132B834875000611FB /* UIView+Extension.swift */ = {isa = PBXFileReference; lastKnownFileType = sourcecode.swift; path = "UIView+Extension.swift"; sourceTree = "<group>"; };
		9679FF892B8A671F0065075F /* UITextField+Extension.swift */ = {isa = PBXFileReference; lastKnownFileType = sourcecode.swift; path = "UITextField+Extension.swift"; sourceTree = "<group>"; };
		96873EB52B854B8B00EA911F /* SearchView.swift */ = {isa = PBXFileReference; lastKnownFileType = sourcecode.swift; path = SearchView.swift; sourceTree = "<group>"; };
		96873EBA2B854C8800EA911F /* SearchViewController.swift */ = {isa = PBXFileReference; lastKnownFileType = sourcecode.swift; path = SearchViewController.swift; sourceTree = "<group>"; };
		96873EBC2B854CB900EA911F /* SearchViewModel.swift */ = {isa = PBXFileReference; lastKnownFileType = sourcecode.swift; path = SearchViewModel.swift; sourceTree = "<group>"; };
		96873EBE2B854E1800EA911F /* SearchTransition.swift */ = {isa = PBXFileReference; lastKnownFileType = sourcecode.swift; path = SearchTransition.swift; sourceTree = "<group>"; };
		96873EC02B854F3200EA911F /* SearchFlow.swift */ = {isa = PBXFileReference; lastKnownFileType = sourcecode.swift; path = SearchFlow.swift; sourceTree = "<group>"; };
		968D98202B878B1F00A36964 /* NasaNetwork.xcodeproj */ = {isa = PBXFileReference; lastKnownFileType = "wrapper.pb-project"; name = NasaNetwork.xcodeproj; path = NasaNetwork/NasaNetwork.xcodeproj; sourceTree = "<group>"; };
/* End PBXFileReference section */

/* Begin PBXFrameworksBuildPhase section */
		9653496D2B7E29AE000611FB /* Frameworks */ = {
			isa = PBXFrameworksBuildPhase;
			buildActionMask = 2147483647;
			files = (
				965349A92B7E353F000611FB /* Kingfisher in Frameworks */,
				965349A62B7E352C000611FB /* SnapKit in Frameworks */,
				968D982A2B878B3700A36964 /* NasaNetwork.framework in Frameworks */,
			);
			runOnlyForDeploymentPostprocessing = 0;
		};
/* End PBXFrameworksBuildPhase section */

/* Begin PBXGroup section */
		96204F832B88BB090092AB04 /* DIContainer */ = {
			isa = PBXGroup;
			children = (
				96204F842B88BB150092AB04 /* DIContainer.swift */,
			);
			path = DIContainer;
			sourceTree = "<group>";
		};
		965349672B7E29AE000611FB = {
			isa = PBXGroup;
			children = (
				968D98202B878B1F00A36964 /* NasaNetwork.xcodeproj */,
				965349722B7E29AE000611FB /* DayPic */,
				965349712B7E29AE000611FB /* Products */,
				968D98292B878B3700A36964 /* Frameworks */,
			);
			sourceTree = "<group>";
		};
		965349712B7E29AE000611FB /* Products */ = {
			isa = PBXGroup;
			children = (
				965349702B7E29AE000611FB /* DayPic.app */,
			);
			name = Products;
			sourceTree = "<group>";
		};
		965349722B7E29AE000611FB /* DayPic */ = {
			isa = PBXGroup;
			children = (
				965349882B7E2A67000611FB /* App */,
				965349872B7E2A5B000611FB /* Scenes */,
				9653498E2B7E2C4B000611FB /* Helper */,
				9653498D2B7E2C45000611FB /* Extensions */,
				965349922B7E2D63000611FB /* Protocols */,
				965349892B7E2A81000611FB /* Resources */,
				965349D32B7E6E1D000611FB /* Services */,
			);
			path = DayPic;
			sourceTree = "<group>";
		};
		965349872B7E2A5B000611FB /* Scenes */ = {
			isa = PBXGroup;
			children = (
				9653498F2B7E2CE7000611FB /* Home */,
				9653499F2B7E301C000611FB /* Onboarding */,
			);
			path = Scenes;
			sourceTree = "<group>";
		};
		965349882B7E2A67000611FB /* App */ = {
			isa = PBXGroup;
			children = (
				965349E72B7FAA44000611FB /* Transitions */,
				965349DC2B7E7918000611FB /* Flows */,
				965349732B7E29AE000611FB /* AppDelegate.swift */,
				965349752B7E29AE000611FB /* SceneDelegate.swift */,
				965349812B7E29B0000611FB /* Info.plist */,
			);
			path = App;
			sourceTree = "<group>";
		};
		965349892B7E2A81000611FB /* Resources */ = {
			isa = PBXGroup;
			children = (
				9653497C2B7E29B0000611FB /* Assets.xcassets */,
				9653497E2B7E29B0000611FB /* LaunchScreen.storyboard */,
				96534A052B82AB04000611FB /* Localizable.xcstrings */,
			);
			path = Resources;
			sourceTree = "<group>";
		};
		9653498D2B7E2C45000611FB /* Extensions */ = {
			isa = PBXGroup;
			children = (
				965349FA2B7FEA7E000611FB /* UIImageView+Extension.swift */,
				96534A032B82A64C000611FB /* UICollectionView+Extension.swift */,
				96534A132B834875000611FB /* UIView+Extension.swift */,
				9679FF892B8A671F0065075F /* UITextField+Extension.swift */,
			);
			path = Extensions;
			sourceTree = "<group>";
		};
		9653498E2B7E2C4B000611FB /* Helper */ = {
			isa = PBXGroup;
			children = (
				965349AA2B7E38D4000611FB /* UI */,
			);
			path = Helper;
			sourceTree = "<group>";
		};
		9653498F2B7E2CE7000611FB /* Home */ = {
			isa = PBXGroup;
			children = (
				965349EF2B7FB07A000611FB /* TabBar */,
				965349912B7E2D22000611FB /* Pictures */,
				96534A072B8340A6000611FB /* PictureDetail */,
				965349902B7E2CEE000611FB /* Search */,
			);
			path = Home;
			sourceTree = "<group>";
		};
		965349902B7E2CEE000611FB /* Search */ = {
			isa = PBXGroup;
			children = (
				9653499B2B7E2FD5000611FB /* SearchCoordinator.swift */,
				965349962B7E2DD6000611FB /* ViewController */,
				965349982B7E2DE3000611FB /* ViewModel */,
				965349972B7E2DDD000611FB /* View */,
			);
			path = Search;
			sourceTree = "<group>";
		};
		965349912B7E2D22000611FB /* Pictures */ = {
			isa = PBXGroup;
			children = (
				9653499D2B7E2FFB000611FB /* PicturesCoordinator.swift */,
				965349932B7E2DAC000611FB /* ViewController */,
				965349952B7E2DC3000611FB /* ViewModel */,
				965349942B7E2DBF000611FB /* View */,
			);
			path = Pictures;
			sourceTree = "<group>";
		};
		965349922B7E2D63000611FB /* Protocols */ = {
			isa = PBXGroup;
			children = (
				965349D12B7E6C2D000611FB /* ViewModelType.swift */,
				965349F72B7FC242000611FB /* Navigation */,
			);
			path = Protocols;
			sourceTree = "<group>";
		};
		965349932B7E2DAC000611FB /* ViewController */ = {
			isa = PBXGroup;
			children = (
				965349CD2B7E643F000611FB /* PicturesViewController.swift */,
			);
			path = ViewController;
			sourceTree = "<group>";
		};
		965349942B7E2DBF000611FB /* View */ = {
			isa = PBXGroup;
			children = (
				965349C42B7E51F3000611FB /* PicturesView.swift */,
				965349C82B7E549E000611FB /* Subviews */,
			);
			path = View;
			sourceTree = "<group>";
		};
		965349952B7E2DC3000611FB /* ViewModel */ = {
			isa = PBXGroup;
			children = (
				965349CF2B7E6B87000611FB /* PicturesViewModel.swift */,
				965349CB2B7E5E16000611FB /* PictureCollectionViewCellViewModel.swift */,
			);
			path = ViewModel;
			sourceTree = "<group>";
		};
		965349962B7E2DD6000611FB /* ViewController */ = {
			isa = PBXGroup;
			children = (
				96873EBA2B854C8800EA911F /* SearchViewController.swift */,
			);
			path = ViewController;
			sourceTree = "<group>";
		};
		965349972B7E2DDD000611FB /* View */ = {
			isa = PBXGroup;
			children = (
				96873EB72B854BC500EA911F /* Subviews */,
				96873EB52B854B8B00EA911F /* SearchView.swift */,
			);
			path = View;
			sourceTree = "<group>";
		};
		965349982B7E2DE3000611FB /* ViewModel */ = {
			isa = PBXGroup;
			children = (
				96873EBC2B854CB900EA911F /* SearchViewModel.swift */,
			);
			path = ViewModel;
			sourceTree = "<group>";
		};
		9653499F2B7E301C000611FB /* Onboarding */ = {
			isa = PBXGroup;
			children = (
			);
			path = Onboarding;
			sourceTree = "<group>";
		};
		965349AA2B7E38D4000611FB /* UI */ = {
			isa = PBXGroup;
			children = (
				965349BF2B7E48A1000611FB /* Extensions */,
				965349B62B7E452B000611FB /* Protocols */,
				965349B02B7E404E000611FB /* Base */,
				965349B12B7E41A2000611FB /* Reusable */,
			);
			path = UI;
			sourceTree = "<group>";
		};
		965349B02B7E404E000611FB /* Base */ = {
			isa = PBXGroup;
			children = (
				965349AB2B7E38E5000611FB /* GenericViewController.swift */,
				965349B22B7E42F1000611FB /* CustomView.swift */,
				965349C22B7E4C23000611FB /* NavigationController.swift */,
			);
			path = Base;
			sourceTree = "<group>";
		};
		965349B12B7E41A2000611FB /* Reusable */ = {
			isa = PBXGroup;
			children = (
				965349B42B7E4310000611FB /* LoadingView.swift */,
				965349BB2B7E4696000611FB /* ErrorView.swift */,
				965349C62B7E529C000611FB /* SectionFooterCollectionReusableView.swift */,
			);
			path = Reusable;
			sourceTree = "<group>";
		};
		965349B62B7E452B000611FB /* Protocols */ = {
			isa = PBXGroup;
			children = (
				965349B72B7E454F000611FB /* Loadable.swift */,
				965349B92B7E4661000611FB /* ErrorPresentable.swift */,
				965349BD2B7E4882000611FB /* Configurable.swift */,
			);
			path = Protocols;
			sourceTree = "<group>";
		};
		965349BF2B7E48A1000611FB /* Extensions */ = {
			isa = PBXGroup;
			children = (
				965349C02B7E48C4000611FB /* UILabel+Extension.swift */,
			);
			path = Extensions;
			sourceTree = "<group>";
		};
		965349C82B7E549E000611FB /* Subviews */ = {
			isa = PBXGroup;
			children = (
				965349C92B7E54C6000611FB /* PictureCollectionViewCell.swift */,
			);
			path = Subviews;
			sourceTree = "<group>";
		};
		965349D32B7E6E1D000611FB /* Services */ = {
			isa = PBXGroup;
			children = (
				96204F832B88BB090092AB04 /* DIContainer */,
				965349DD2B7E9EE3000611FB /* UDService */,
			);
			path = Services;
			sourceTree = "<group>";
		};
		965349DC2B7E7918000611FB /* Flows */ = {
			isa = PBXGroup;
			children = (
				965349E22B7EB133000611FB /* AppFlow.swift */,
				965349F52B7FB5AD000611FB /* PicturesFlow.swift */,
				96873EC02B854F3200EA911F /* SearchFlow.swift */,
			);
			name = Flows;
			path = ../Helper/UI/Flows;
			sourceTree = "<group>";
		};
		965349DD2B7E9EE3000611FB /* UDService */ = {
			isa = PBXGroup;
			children = (
				965349DE2B7E9EF5000611FB /* UDService.swift */,
			);
			path = UDService;
			sourceTree = "<group>";
		};
		965349E72B7FAA44000611FB /* Transitions */ = {
			isa = PBXGroup;
			children = (
				965349E82B7FAB93000611FB /* AppTransition.swift */,
				965349EA2B7FAC96000611FB /* PicturesTransition.swift */,
				96873EBE2B854E1800EA911F /* SearchTransition.swift */,
			);
			path = Transitions;
			sourceTree = "<group>";
		};
		965349EF2B7FB07A000611FB /* TabBar */ = {
			isa = PBXGroup;
			children = (
				965349ED2B7FAF05000611FB /* TabBarCoordinator.swift */,
				965349F02B7FB098000611FB /* TabBarItem.swift */,
			);
			path = TabBar;
			sourceTree = "<group>";
		};
		965349F72B7FC242000611FB /* Navigation */ = {
			isa = PBXGroup;
			children = (
				965349F22B7FB1E2000611FB /* NavigationFlow.swift */,
				965349DA2B7E77AF000611FB /* Router.swift */,
				965349D82B7E778C000611FB /* Coordinator.swift */,
			);
			path = Navigation;
			sourceTree = "<group>";
		};
		96534A072B8340A6000611FB /* PictureDetail */ = {
			isa = PBXGroup;
			children = (
				96534A082B8340E3000611FB /* PictureDetailCoordinator.swift */,
				96534A122B83415D000611FB /* ViewController */,
				96534A112B834156000611FB /* ViewModel */,
				96534A102B83414F000611FB /* View */,
			);
			path = PictureDetail;
			sourceTree = "<group>";
		};
		96534A102B83414F000611FB /* View */ = {
			isa = PBXGroup;
			children = (
				96534A0E2B83414B000611FB /* PictureDetailView.swift */,
			);
			path = View;
			sourceTree = "<group>";
		};
		96534A112B834156000611FB /* ViewModel */ = {
			isa = PBXGroup;
			children = (
				96534A0C2B834141000611FB /* PictureDetailViewModel.swift */,
			);
			path = ViewModel;
			sourceTree = "<group>";
		};
		96534A122B83415D000611FB /* ViewController */ = {
			isa = PBXGroup;
			children = (
				96534A0A2B834136000611FB /* PictureDetailViewController.swift */,
			);
			path = ViewController;
			sourceTree = "<group>";
		};
		96873EB72B854BC500EA911F /* Subviews */ = {
			isa = PBXGroup;
			children = (
			);
			path = Subviews;
			sourceTree = "<group>";
		};
		968D98212B878B1F00A36964 /* Products */ = {
			isa = PBXGroup;
			children = (
				968D98262B878B1F00A36964 /* NasaNetwork.framework */,
				968D98282B878B1F00A36964 /* NasaNetworkTests.xctest */,
			);
			name = Products;
			sourceTree = "<group>";
		};
		968D98292B878B3700A36964 /* Frameworks */ = {
			isa = PBXGroup;
			children = (
			);
			name = Frameworks;
			sourceTree = "<group>";
		};
/* End PBXGroup section */

/* Begin PBXNativeTarget section */
		9653496F2B7E29AE000611FB /* DayPic */ = {
			isa = PBXNativeTarget;
			buildConfigurationList = 965349842B7E29B0000611FB /* Build configuration list for PBXNativeTarget "DayPic" */;
			buildPhases = (
				9653496C2B7E29AE000611FB /* Sources */,
				9653496D2B7E29AE000611FB /* Frameworks */,
				9653496E2B7E29AE000611FB /* Resources */,
				968D982C2B878B3700A36964 /* Embed Frameworks */,
			);
			buildRules = (
			);
			dependencies = (
			);
			name = DayPic;
			packageProductDependencies = (
				965349A52B7E352C000611FB /* SnapKit */,
				965349A82B7E353F000611FB /* Kingfisher */,
			);
			productName = DayPic;
			productReference = 965349702B7E29AE000611FB /* DayPic.app */;
			productType = "com.apple.product-type.application";
		};
/* End PBXNativeTarget section */

/* Begin PBXProject section */
		965349682B7E29AE000611FB /* Project object */ = {
			isa = PBXProject;
			attributes = {
				BuildIndependentTargetsInParallel = 1;
				LastSwiftUpdateCheck = 1520;
				LastUpgradeCheck = 1520;
				TargetAttributes = {
					9653496F2B7E29AE000611FB = {
						CreatedOnToolsVersion = 15.2;
					};
				};
			};
			buildConfigurationList = 9653496B2B7E29AE000611FB /* Build configuration list for PBXProject "DayPic" */;
			compatibilityVersion = "Xcode 14.0";
			developmentRegion = en;
			hasScannedForEncodings = 0;
			knownRegions = (
				en,
				Base,
				ru,
			);
			mainGroup = 965349672B7E29AE000611FB;
			packageReferences = (
				965349A42B7E352C000611FB /* XCRemoteSwiftPackageReference "SnapKit" */,
				965349A72B7E353F000611FB /* XCRemoteSwiftPackageReference "Kingfisher" */,
			);
			productRefGroup = 965349712B7E29AE000611FB /* Products */;
			projectDirPath = "";
			projectReferences = (
				{
					ProductGroup = 968D98212B878B1F00A36964 /* Products */;
					ProjectRef = 968D98202B878B1F00A36964 /* NasaNetwork.xcodeproj */;
				},
			);
			projectRoot = "";
			targets = (
				9653496F2B7E29AE000611FB /* DayPic */,
			);
		};
/* End PBXProject section */

/* Begin PBXReferenceProxy section */
		968D98262B878B1F00A36964 /* NasaNetwork.framework */ = {
			isa = PBXReferenceProxy;
			fileType = wrapper.framework;
			path = NasaNetwork.framework;
			remoteRef = 968D98252B878B1F00A36964 /* PBXContainerItemProxy */;
			sourceTree = BUILT_PRODUCTS_DIR;
		};
		968D98282B878B1F00A36964 /* NasaNetworkTests.xctest */ = {
			isa = PBXReferenceProxy;
			fileType = wrapper.cfbundle;
			path = NasaNetworkTests.xctest;
			remoteRef = 968D98272B878B1F00A36964 /* PBXContainerItemProxy */;
			sourceTree = BUILT_PRODUCTS_DIR;
		};
/* End PBXReferenceProxy section */

/* Begin PBXResourcesBuildPhase section */
		9653496E2B7E29AE000611FB /* Resources */ = {
			isa = PBXResourcesBuildPhase;
			buildActionMask = 2147483647;
			files = (
				965349802B7E29B0000611FB /* LaunchScreen.storyboard in Resources */,
				9653497D2B7E29B0000611FB /* Assets.xcassets in Resources */,
				96534A062B82AB04000611FB /* Localizable.xcstrings in Resources */,
			);
			runOnlyForDeploymentPostprocessing = 0;
		};
/* End PBXResourcesBuildPhase section */

/* Begin PBXSourcesBuildPhase section */
		9653496C2B7E29AE000611FB /* Sources */ = {
			isa = PBXSourcesBuildPhase;
			buildActionMask = 2147483647;
			files = (
				965349BE2B7E4882000611FB /* Configurable.swift in Sources */,
				965349F12B7FB098000611FB /* TabBarItem.swift in Sources */,
				9653499C2B7E2FD5000611FB /* SearchCoordinator.swift in Sources */,
				965349D92B7E778C000611FB /* Coordinator.swift in Sources */,
				965349742B7E29AE000611FB /* AppDelegate.swift in Sources */,
				965349DF2B7E9EF5000611FB /* UDService.swift in Sources */,
				965349DB2B7E77AF000611FB /* Router.swift in Sources */,
				965349AC2B7E38E5000611FB /* GenericViewController.swift in Sources */,
				965349B52B7E4310000611FB /* LoadingView.swift in Sources */,
				965349C32B7E4C23000611FB /* NavigationController.swift in Sources */,
				96873EBB2B854C8800EA911F /* SearchViewController.swift in Sources */,
				96873EBD2B854CB900EA911F /* SearchViewModel.swift in Sources */,
				96204F852B88BB150092AB04 /* DIContainer.swift in Sources */,
				965349EE2B7FAF05000611FB /* TabBarCoordinator.swift in Sources */,
				96873EBF2B854E1800EA911F /* SearchTransition.swift in Sources */,
				96534A142B834875000611FB /* UIView+Extension.swift in Sources */,
				96534A042B82A64C000611FB /* UICollectionView+Extension.swift in Sources */,
				9679FF8A2B8A671F0065075F /* UITextField+Extension.swift in Sources */,
				965349D02B7E6B87000611FB /* PicturesViewModel.swift in Sources */,
				965349B82B7E454F000611FB /* Loadable.swift in Sources */,
				965349E32B7EB133000611FB /* AppFlow.swift in Sources */,
				965349BA2B7E4661000611FB /* ErrorPresentable.swift in Sources */,
				965349EB2B7FAC96000611FB /* PicturesTransition.swift in Sources */,
				965349FB2B7FEA7E000611FB /* UIImageView+Extension.swift in Sources */,
				96534A0F2B83414C000611FB /* PictureDetailView.swift in Sources */,
				965349C72B7E529C000611FB /* SectionFooterCollectionReusableView.swift in Sources */,
				965349C12B7E48C4000611FB /* UILabel+Extension.swift in Sources */,
				9653499E2B7E2FFB000611FB /* PicturesCoordinator.swift in Sources */,
				96534A0D2B834141000611FB /* PictureDetailViewModel.swift in Sources */,
				96534A092B8340E3000611FB /* PictureDetailCoordinator.swift in Sources */,
				965349F62B7FB5AD000611FB /* PicturesFlow.swift in Sources */,
				965349C52B7E51F3000611FB /* PicturesView.swift in Sources */,
				965349B32B7E42F1000611FB /* CustomView.swift in Sources */,
				965349F32B7FB1E2000611FB /* NavigationFlow.swift in Sources */,
				965349E92B7FAB93000611FB /* AppTransition.swift in Sources */,
				965349CE2B7E643F000611FB /* PicturesViewController.swift in Sources */,
				96873EC12B854F3200EA911F /* SearchFlow.swift in Sources */,
				965349BC2B7E4696000611FB /* ErrorView.swift in Sources */,
				96534A0B2B834136000611FB /* PictureDetailViewController.swift in Sources */,
				96873EB62B854B8B00EA911F /* SearchView.swift in Sources */,
				965349CA2B7E54C6000611FB /* PictureCollectionViewCell.swift in Sources */,
				965349D22B7E6C2D000611FB /* ViewModelType.swift in Sources */,
				965349762B7E29AE000611FB /* SceneDelegate.swift in Sources */,
				965349CC2B7E5E16000611FB /* PictureCollectionViewCellViewModel.swift in Sources */,
			);
			runOnlyForDeploymentPostprocessing = 0;
		};
/* End PBXSourcesBuildPhase section */

/* Begin PBXVariantGroup section */
		9653497E2B7E29B0000611FB /* LaunchScreen.storyboard */ = {
			isa = PBXVariantGroup;
			children = (
				9653497F2B7E29B0000611FB /* Base */,
			);
			name = LaunchScreen.storyboard;
			sourceTree = "<group>";
		};
/* End PBXVariantGroup section */

/* Begin XCBuildConfiguration section */
		965349822B7E29B0000611FB /* Debug */ = {
			isa = XCBuildConfiguration;
			buildSettings = {
				ALWAYS_SEARCH_USER_PATHS = NO;
				ASSETCATALOG_COMPILER_GENERATE_SWIFT_ASSET_SYMBOL_EXTENSIONS = YES;
				CLANG_ANALYZER_NONNULL = YES;
				CLANG_ANALYZER_NUMBER_OBJECT_CONVERSION = YES_AGGRESSIVE;
				CLANG_CXX_LANGUAGE_STANDARD = "gnu++20";
				CLANG_ENABLE_MODULES = YES;
				CLANG_ENABLE_OBJC_ARC = YES;
				CLANG_ENABLE_OBJC_WEAK = YES;
				CLANG_WARN_BLOCK_CAPTURE_AUTORELEASING = YES;
				CLANG_WARN_BOOL_CONVERSION = YES;
				CLANG_WARN_COMMA = YES;
				CLANG_WARN_CONSTANT_CONVERSION = YES;
				CLANG_WARN_DEPRECATED_OBJC_IMPLEMENTATIONS = YES;
				CLANG_WARN_DIRECT_OBJC_ISA_USAGE = YES_ERROR;
				CLANG_WARN_DOCUMENTATION_COMMENTS = YES;
				CLANG_WARN_EMPTY_BODY = YES;
				CLANG_WARN_ENUM_CONVERSION = YES;
				CLANG_WARN_INFINITE_RECURSION = YES;
				CLANG_WARN_INT_CONVERSION = YES;
				CLANG_WARN_NON_LITERAL_NULL_CONVERSION = YES;
				CLANG_WARN_OBJC_IMPLICIT_RETAIN_SELF = YES;
				CLANG_WARN_OBJC_LITERAL_CONVERSION = YES;
				CLANG_WARN_OBJC_ROOT_CLASS = YES_ERROR;
				CLANG_WARN_QUOTED_INCLUDE_IN_FRAMEWORK_HEADER = YES;
				CLANG_WARN_RANGE_LOOP_ANALYSIS = YES;
				CLANG_WARN_STRICT_PROTOTYPES = YES;
				CLANG_WARN_SUSPICIOUS_MOVE = YES;
				CLANG_WARN_UNGUARDED_AVAILABILITY = YES_AGGRESSIVE;
				CLANG_WARN_UNREACHABLE_CODE = YES;
				CLANG_WARN__DUPLICATE_METHOD_MATCH = YES;
				COPY_PHASE_STRIP = NO;
				DEBUG_INFORMATION_FORMAT = dwarf;
				ENABLE_STRICT_OBJC_MSGSEND = YES;
				ENABLE_TESTABILITY = YES;
				ENABLE_USER_SCRIPT_SANDBOXING = YES;
				GCC_C_LANGUAGE_STANDARD = gnu17;
				GCC_DYNAMIC_NO_PIC = NO;
				GCC_NO_COMMON_BLOCKS = YES;
				GCC_OPTIMIZATION_LEVEL = 0;
				GCC_PREPROCESSOR_DEFINITIONS = (
					"DEBUG=1",
					"$(inherited)",
				);
				GCC_WARN_64_TO_32_BIT_CONVERSION = YES;
				GCC_WARN_ABOUT_RETURN_TYPE = YES_ERROR;
				GCC_WARN_UNDECLARED_SELECTOR = YES;
				GCC_WARN_UNINITIALIZED_AUTOS = YES_AGGRESSIVE;
				GCC_WARN_UNUSED_FUNCTION = YES;
				GCC_WARN_UNUSED_VARIABLE = YES;
				IPHONEOS_DEPLOYMENT_TARGET = 17.2;
				LOCALIZATION_PREFERS_STRING_CATALOGS = YES;
				MTL_ENABLE_DEBUG_INFO = INCLUDE_SOURCE;
				MTL_FAST_MATH = YES;
				ONLY_ACTIVE_ARCH = YES;
				SDKROOT = iphoneos;
				SWIFT_ACTIVE_COMPILATION_CONDITIONS = "DEBUG $(inherited)";
				SWIFT_OPTIMIZATION_LEVEL = "-Onone";
			};
			name = Debug;
		};
		965349832B7E29B0000611FB /* Release */ = {
			isa = XCBuildConfiguration;
			buildSettings = {
				ALWAYS_SEARCH_USER_PATHS = NO;
				ASSETCATALOG_COMPILER_GENERATE_SWIFT_ASSET_SYMBOL_EXTENSIONS = YES;
				CLANG_ANALYZER_NONNULL = YES;
				CLANG_ANALYZER_NUMBER_OBJECT_CONVERSION = YES_AGGRESSIVE;
				CLANG_CXX_LANGUAGE_STANDARD = "gnu++20";
				CLANG_ENABLE_MODULES = YES;
				CLANG_ENABLE_OBJC_ARC = YES;
				CLANG_ENABLE_OBJC_WEAK = YES;
				CLANG_WARN_BLOCK_CAPTURE_AUTORELEASING = YES;
				CLANG_WARN_BOOL_CONVERSION = YES;
				CLANG_WARN_COMMA = YES;
				CLANG_WARN_CONSTANT_CONVERSION = YES;
				CLANG_WARN_DEPRECATED_OBJC_IMPLEMENTATIONS = YES;
				CLANG_WARN_DIRECT_OBJC_ISA_USAGE = YES_ERROR;
				CLANG_WARN_DOCUMENTATION_COMMENTS = YES;
				CLANG_WARN_EMPTY_BODY = YES;
				CLANG_WARN_ENUM_CONVERSION = YES;
				CLANG_WARN_INFINITE_RECURSION = YES;
				CLANG_WARN_INT_CONVERSION = YES;
				CLANG_WARN_NON_LITERAL_NULL_CONVERSION = YES;
				CLANG_WARN_OBJC_IMPLICIT_RETAIN_SELF = YES;
				CLANG_WARN_OBJC_LITERAL_CONVERSION = YES;
				CLANG_WARN_OBJC_ROOT_CLASS = YES_ERROR;
				CLANG_WARN_QUOTED_INCLUDE_IN_FRAMEWORK_HEADER = YES;
				CLANG_WARN_RANGE_LOOP_ANALYSIS = YES;
				CLANG_WARN_STRICT_PROTOTYPES = YES;
				CLANG_WARN_SUSPICIOUS_MOVE = YES;
				CLANG_WARN_UNGUARDED_AVAILABILITY = YES_AGGRESSIVE;
				CLANG_WARN_UNREACHABLE_CODE = YES;
				CLANG_WARN__DUPLICATE_METHOD_MATCH = YES;
				COPY_PHASE_STRIP = NO;
				DEBUG_INFORMATION_FORMAT = "dwarf-with-dsym";
				ENABLE_NS_ASSERTIONS = NO;
				ENABLE_STRICT_OBJC_MSGSEND = YES;
				ENABLE_USER_SCRIPT_SANDBOXING = YES;
				GCC_C_LANGUAGE_STANDARD = gnu17;
				GCC_NO_COMMON_BLOCKS = YES;
				GCC_WARN_64_TO_32_BIT_CONVERSION = YES;
				GCC_WARN_ABOUT_RETURN_TYPE = YES_ERROR;
				GCC_WARN_UNDECLARED_SELECTOR = YES;
				GCC_WARN_UNINITIALIZED_AUTOS = YES_AGGRESSIVE;
				GCC_WARN_UNUSED_FUNCTION = YES;
				GCC_WARN_UNUSED_VARIABLE = YES;
				IPHONEOS_DEPLOYMENT_TARGET = 17.2;
				LOCALIZATION_PREFERS_STRING_CATALOGS = YES;
				MTL_ENABLE_DEBUG_INFO = NO;
				MTL_FAST_MATH = YES;
				SDKROOT = iphoneos;
				SWIFT_COMPILATION_MODE = wholemodule;
				VALIDATE_PRODUCT = YES;
			};
			name = Release;
		};
		965349852B7E29B0000611FB /* Debug */ = {
			isa = XCBuildConfiguration;
			buildSettings = {
				ASSETCATALOG_COMPILER_APPICON_NAME = AppIcon;
				ASSETCATALOG_COMPILER_GLOBAL_ACCENT_COLOR_NAME = AccentColor;
				CODE_SIGN_STYLE = Automatic;
				CURRENT_PROJECT_VERSION = 1;
				DEVELOPMENT_TEAM = Y5WSGR4QBW;
				GENERATE_INFOPLIST_FILE = YES;
				INFOPLIST_FILE = DayPic/App/Info.plist;
				INFOPLIST_KEY_UIApplicationSupportsIndirectInputEvents = YES;
				INFOPLIST_KEY_UILaunchStoryboardName = LaunchScreen.storyboard;
				INFOPLIST_KEY_UISupportedInterfaceOrientations_iPad = "UIInterfaceOrientationPortrait UIInterfaceOrientationPortraitUpsideDown UIInterfaceOrientationLandscapeLeft UIInterfaceOrientationLandscapeRight";
				INFOPLIST_KEY_UISupportedInterfaceOrientations_iPhone = "UIInterfaceOrientationPortrait UIInterfaceOrientationLandscapeLeft UIInterfaceOrientationLandscapeRight";
				IPHONEOS_DEPLOYMENT_TARGET = 17.2;
				LD_RUNPATH_SEARCH_PATHS = (
					"$(inherited)",
					"@executable_path/Frameworks",
				);
				MARKETING_VERSION = 1.0;
				PRODUCT_BUNDLE_IDENTIFIER = com.antonkh.DayPic;
				PRODUCT_NAME = "$(TARGET_NAME)";
				SUPPORTED_PLATFORMS = "iphoneos iphonesimulator";
				SUPPORTS_MACCATALYST = NO;
				SUPPORTS_XR_DESIGNED_FOR_IPHONE_IPAD = NO;
				SWIFT_EMIT_LOC_STRINGS = YES;
				SWIFT_VERSION = 5.0;
				TARGETED_DEVICE_FAMILY = "1,2";
			};
			name = Debug;
		};
		965349862B7E29B0000611FB /* Release */ = {
			isa = XCBuildConfiguration;
			buildSettings = {
				ASSETCATALOG_COMPILER_APPICON_NAME = AppIcon;
				ASSETCATALOG_COMPILER_GLOBAL_ACCENT_COLOR_NAME = AccentColor;
				CODE_SIGN_STYLE = Automatic;
				CURRENT_PROJECT_VERSION = 1;
				DEVELOPMENT_TEAM = Y5WSGR4QBW;
				GENERATE_INFOPLIST_FILE = YES;
				INFOPLIST_FILE = DayPic/App/Info.plist;
				INFOPLIST_KEY_UIApplicationSupportsIndirectInputEvents = YES;
				INFOPLIST_KEY_UILaunchStoryboardName = LaunchScreen.storyboard;
				INFOPLIST_KEY_UISupportedInterfaceOrientations_iPad = "UIInterfaceOrientationPortrait UIInterfaceOrientationPortraitUpsideDown UIInterfaceOrientationLandscapeLeft UIInterfaceOrientationLandscapeRight";
				INFOPLIST_KEY_UISupportedInterfaceOrientations_iPhone = "UIInterfaceOrientationPortrait UIInterfaceOrientationLandscapeLeft UIInterfaceOrientationLandscapeRight";
				IPHONEOS_DEPLOYMENT_TARGET = 17.2;
				LD_RUNPATH_SEARCH_PATHS = (
					"$(inherited)",
					"@executable_path/Frameworks",
				);
				MARKETING_VERSION = 1.0;
				PRODUCT_BUNDLE_IDENTIFIER = com.antonkh.DayPic;
				PRODUCT_NAME = "$(TARGET_NAME)";
				SUPPORTED_PLATFORMS = "iphoneos iphonesimulator";
				SUPPORTS_MACCATALYST = NO;
				SUPPORTS_XR_DESIGNED_FOR_IPHONE_IPAD = NO;
				SWIFT_EMIT_LOC_STRINGS = YES;
				SWIFT_VERSION = 5.0;
				TARGETED_DEVICE_FAMILY = "1,2";
			};
			name = Release;
		};
/* End XCBuildConfiguration section */

/* Begin XCConfigurationList section */
		9653496B2B7E29AE000611FB /* Build configuration list for PBXProject "DayPic" */ = {
			isa = XCConfigurationList;
			buildConfigurations = (
				965349822B7E29B0000611FB /* Debug */,
				965349832B7E29B0000611FB /* Release */,
			);
			defaultConfigurationIsVisible = 0;
			defaultConfigurationName = Release;
		};
		965349842B7E29B0000611FB /* Build configuration list for PBXNativeTarget "DayPic" */ = {
			isa = XCConfigurationList;
			buildConfigurations = (
				965349852B7E29B0000611FB /* Debug */,
				965349862B7E29B0000611FB /* Release */,
			);
			defaultConfigurationIsVisible = 0;
			defaultConfigurationName = Release;
		};
/* End XCConfigurationList section */

/* Begin XCRemoteSwiftPackageReference section */
		965349A42B7E352C000611FB /* XCRemoteSwiftPackageReference "SnapKit" */ = {
			isa = XCRemoteSwiftPackageReference;
			repositoryURL = "https://github.com/SnapKit/SnapKit.git";
			requirement = {
				kind = upToNextMajorVersion;
				minimumVersion = 5.7.0;
			};
		};
		965349A72B7E353F000611FB /* XCRemoteSwiftPackageReference "Kingfisher" */ = {
			isa = XCRemoteSwiftPackageReference;
			repositoryURL = "https://github.com/onevcat/Kingfisher.git";
			requirement = {
				kind = upToNextMajorVersion;
				minimumVersion = 7.11.0;
			};
		};
/* End XCRemoteSwiftPackageReference section */

/* Begin XCSwiftPackageProductDependency section */
		965349A52B7E352C000611FB /* SnapKit */ = {
			isa = XCSwiftPackageProductDependency;
			package = 965349A42B7E352C000611FB /* XCRemoteSwiftPackageReference "SnapKit" */;
			productName = SnapKit;
		};
		965349A82B7E353F000611FB /* Kingfisher */ = {
			isa = XCSwiftPackageProductDependency;
			package = 965349A72B7E353F000611FB /* XCRemoteSwiftPackageReference "Kingfisher" */;
			productName = Kingfisher;
		};
/* End XCSwiftPackageProductDependency section */
	};
	rootObject = 965349682B7E29AE000611FB /* Project object */;
}
